
Microsoft Visual Studio Solution File, Format Version 12.00
# Visual Studio Version 16
VisualStudioVersion = 16.0.31911.196
MinimumVisualStudioVersion = 10.0.40219.1
Project("{FAE04EC0-301F-11D3-BF4B-00C04F79EFBC}") = "AhorcadoCliente", "AhorcadoCliente.csproj", "{AE548045-05F9-48B9-A883-D2636D408501}"
EndProject
Global
	GlobalSection(SolutionConfigurationPlatforms) = preSolution
		Debug|Any CPU = Debug|Any CPU
		Release|Any CPU = Release|Any CPU
	EndGlobalSection
	GlobalSection(ProjectConfigurationPlatforms) = postSolution
		{AE548045-05F9-48B9-A883-D2636D408501}.Debug|Any CPU.ActiveCfg = Debug|Any CPU
		{AE548045-05F9-48B9-A883-D2636D408501}.Debug|Any CPU.Build.0 = Debug|Any CPU
		{AE548045-05F9-48B9-A883-D2636D408501}.Release|Any CPU.ActiveCfg = Release|Any CPU
		{AE548045-05F9-48B9-A883-D2636D408501}.Release|Any CPU.Build.0 = Release|Any CPU
	EndGlobalSection
	GlobalSection(SolutionProperties) = preSolution
		HideSolutionNode = FALSE
	EndGlobalSection
	GlobalSection(ExtensibilityGlobals) = postSolution
		SolutionGuid = {560CF81C-EB7C-464E-AF28-76CF690E921E}
	EndGlobalSection
EndGlobal
